// !$*UTF8*$!
{
	archiveVersion = 1;
	classes = {
	};
	objectVersion = 46;
	objects = {

/* Begin PBXBuildFile section */
		02273CE21BCDEE3800C9008A /* AppDelegate.swift in Sources */ = {isa = PBXBuildFile; fileRef = 02273CE11BCDEE3800C9008A /* AppDelegate.swift */; };
		02273CE41BCDEE3800C9008A /* ViewController.swift in Sources */ = {isa = PBXBuildFile; fileRef = 02273CE31BCDEE3800C9008A /* ViewController.swift */; };
		02273CE71BCDEE3800C9008A /* Main.storyboard in Resources */ = {isa = PBXBuildFile; fileRef = 02273CE51BCDEE3800C9008A /* Main.storyboard */; };
		02273CE91BCDEE3800C9008A /* Assets.xcassets in Resources */ = {isa = PBXBuildFile; fileRef = 02273CE81BCDEE3800C9008A /* Assets.xcassets */; };
		02273CEC1BCDEE3800C9008A /* LaunchScreen.storyboard in Resources */ = {isa = PBXBuildFile; fileRef = 02273CEA1BCDEE3800C9008A /* LaunchScreen.storyboard */; };
		02273CF71BCDEE3800C9008A /* ImageBrowserTests.swift in Sources */ = {isa = PBXBuildFile; fileRef = 02273CF61BCDEE3800C9008A /* ImageBrowserTests.swift */; };
		02273D021BCDEE3800C9008A /* ImageBrowserUITests.swift in Sources */ = {isa = PBXBuildFile; fileRef = 02273D011BCDEE3800C9008A /* ImageBrowserUITests.swift */; };
/* End PBXBuildFile section */

/* Begin PBXContainerItemProxy section */
		02273CF31BCDEE3800C9008A /* PBXContainerItemProxy */ = {
			isa = PBXContainerItemProxy;
			containerPortal = 02273CD61BCDEE3800C9008A /* Project object */;
			proxyType = 1;
			remoteGlobalIDString = 02273CDD1BCDEE3800C9008A;
			remoteInfo = ImageBrowser;
		};
		02273CFE1BCDEE3800C9008A /* PBXContainerItemProxy */ = {
			isa = PBXContainerItemProxy;
			containerPortal = 02273CD61BCDEE3800C9008A /* Project object */;
			proxyType = 1;
			remoteGlobalIDString = 02273CDD1BCDEE3800C9008A;
			remoteInfo = ImageBrowser;
		};
/* End PBXContainerItemProxy section */

/* Begin PBXFileReference section */
		02273CDE1BCDEE3800C9008A /* ImageBrowser.app */ = {isa = PBXFileReference; explicitFileType = wrapper.application; includeInIndex = 0; path = ImageBrowser.app; sourceTree = BUILT_PRODUCTS_DIR; };
		02273CE11BCDEE3800C9008A /* AppDelegate.swift */ = {isa = PBXFileReference; lastKnownFileType = sourcecode.swift; path = AppDelegate.swift; sourceTree = "<group>"; };
		02273CE31BCDEE3800C9008A /* ViewController.swift */ = {isa = PBXFileReference; lastKnownFileType = sourcecode.swift; path = ViewController.swift; sourceTree = "<group>"; };
		02273CE61BCDEE3800C9008A /* Base */ = {isa = PBXFileReference; lastKnownFileType = file.storyboard; name = Base; path = Base.lproj/Main.storyboard; sourceTree = "<group>"; };
		02273CE81BCDEE3800C9008A /* Assets.xcassets */ = {isa = PBXFileReference; lastKnownFileType = folder.assetcatalog; path = Assets.xcassets; sourceTree = "<group>"; };
		02273CEB1BCDEE3800C9008A /* Base */ = {isa = PBXFileReference; lastKnownFileType = file.storyboard; name = Base; path = Base.lproj/LaunchScreen.storyboard; sourceTree = "<group>"; };
		02273CED1BCDEE3800C9008A /* Info.plist */ = {isa = PBXFileReference; lastKnownFileType = text.plist.xml; path = Info.plist; sourceTree = "<group>"; };
		02273CF21BCDEE3800C9008A /* ImageBrowserTests.xctest */ = {isa = PBXFileReference; explicitFileType = wrapper.cfbundle; includeInIndex = 0; path = ImageBrowserTests.xctest; sourceTree = BUILT_PRODUCTS_DIR; };
		02273CF61BCDEE3800C9008A /* ImageBrowserTests.swift */ = {isa = PBXFileReference; lastKnownFileType = sourcecode.swift; path = ImageBrowserTests.swift; sourceTree = "<group>"; };
		02273CF81BCDEE3800C9008A /* Info.plist */ = {isa = PBXFileReference; lastKnownFileType = text.plist.xml; path = Info.plist; sourceTree = "<group>"; };
		02273CFD1BCDEE3800C9008A /* ImageBrowserUITests.xctest */ = {isa = PBXFileReference; explicitFileType = wrapper.cfbundle; includeInIndex = 0; path = ImageBrowserUITests.xctest; sourceTree = BUILT_PRODUCTS_DIR; };
		02273D011BCDEE3800C9008A /* ImageBrowserUITests.swift */ = {isa = PBXFileReference; lastKnownFileType = sourcecode.swift; path = ImageBrowserUITests.swift; sourceTree = "<group>"; };
		02273D031BCDEE3800C9008A /* Info.plist */ = {isa = PBXFileReference; lastKnownFileType = text.plist.xml; path = Info.plist; sourceTree = "<group>"; };
/* End PBXFileReference section */

/* Begin PBXFrameworksBuildPhase section */
		02273CDB1BCDEE3800C9008A /* Frameworks */ = {
			isa = PBXFrameworksBuildPhase;
			buildActionMask = 2147483647;
			files = (
			);
			runOnlyForDeploymentPostprocessing = 0;
		};
		02273CEF1BCDEE3800C9008A /* Frameworks */ = {
			isa = PBXFrameworksBuildPhase;
			buildActionMask = 2147483647;
			files = (
			);
			runOnlyForDeploymentPostprocessing = 0;
		};
		02273CFA1BCDEE3800C9008A /* Frameworks */ = {
			isa = PBXFrameworksBuildPhase;
			buildActionMask = 2147483647;
			files = (
			);
			runOnlyForDeploymentPostprocessing = 0;
		};
/* End PBXFrameworksBuildPhase section */

/* Begin PBXGroup section */
		02273CD51BCDEE3800C9008A = {
			isa = PBXGroup;
			children = (
				02273CE01BCDEE3800C9008A /* ImageBrowser */,
				02273CF51BCDEE3800C9008A /* ImageBrowserTests */,
				02273D001BCDEE3800C9008A /* ImageBrowserUITests */,
				02273CDF1BCDEE3800C9008A /* Products */,
			);
			sourceTree = "<group>";
		};
		02273CDF1BCDEE3800C9008A /* Products */ = {
			isa = PBXGroup;
			children = (
				02273CDE1BCDEE3800C9008A /* ImageBrowser.app */,
				02273CF21BCDEE3800C9008A /* ImageBrowserTests.xctest */,
				02273CFD1BCDEE3800C9008A /* ImageBrowserUITests.xctest */,
			);
			name = Products;
			sourceTree = "<group>";
		};
		02273CE01BCDEE3800C9008A /* ImageBrowser */ = {
			isa = PBXGroup;
			children = (
				02273CE11BCDEE3800C9008A /* AppDelegate.swift */,
				02273CE31BCDEE3800C9008A /* ViewController.swift */,
				02273CE51BCDEE3800C9008A /* Main.storyboard */,
				02273CE81BCDEE3800C9008A /* Assets.xcassets */,
				02273CEA1BCDEE3800C9008A /* LaunchScreen.storyboard */,
				02273CED1BCDEE3800C9008A /* Info.plist */,
			);
			path = ImageBrowser;
			sourceTree = "<group>";
		};
		02273CF51BCDEE3800C9008A /* ImageBrowserTests */ = {
			isa = PBXGroup;
			children = (
				02273CF61BCDEE3800C9008A /* ImageBrowserTests.swift */,
				02273CF81BCDEE3800C9008A /* Info.plist */,
			);
			path = ImageBrowserTests;
			sourceTree = "<group>";
		};
		02273D001BCDEE3800C9008A /* ImageBrowserUITests */ = {
			isa = PBXGroup;
			children = (
				02273D011BCDEE3800C9008A /* ImageBrowserUITests.swift */,
				02273D031BCDEE3800C9008A /* Info.plist */,
			);
			path = ImageBrowserUITests;
			sourceTree = "<group>";
		};
/* End PBXGroup section */

/* Begin PBXNativeTarget section */
		02273CDD1BCDEE3800C9008A /* ImageBrowser */ = {
			isa = PBXNativeTarget;
			buildConfigurationList = 02273D061BCDEE3800C9008A /* Build configuration list for PBXNativeTarget "ImageBrowser" */;
			buildPhases = (
				02273CDA1BCDEE3800C9008A /* Sources */,
				02273CDB1BCDEE3800C9008A /* Frameworks */,
				02273CDC1BCDEE3800C9008A /* Resources */,
			);
			buildRules = (
			);
			dependencies = (
			);
			name = ImageBrowser;
			productName = ImageBrowser;
			productReference = 02273CDE1BCDEE3800C9008A /* ImageBrowser.app */;
			productType = "com.apple.product-type.application";
		};
		02273CF11BCDEE3800C9008A /* ImageBrowserTests */ = {
			isa = PBXNativeTarget;
			buildConfigurationList = 02273D091BCDEE3800C9008A /* Build configuration list for PBXNativeTarget "ImageBrowserTests" */;
			buildPhases = (
				02273CEE1BCDEE3800C9008A /* Sources */,
				02273CEF1BCDEE3800C9008A /* Frameworks */,
				02273CF01BCDEE3800C9008A /* Resources */,
			);
			buildRules = (
			);
			dependencies = (
				02273CF41BCDEE3800C9008A /* PBXTargetDependency */,
			);
			name = ImageBrowserTests;
			productName = ImageBrowserTests;
			productReference = 02273CF21BCDEE3800C9008A /* ImageBrowserTests.xctest */;
			productType = "com.apple.product-type.bundle.unit-test";
		};
		02273CFC1BCDEE3800C9008A /* ImageBrowserUITests */ = {
			isa = PBXNativeTarget;
			buildConfigurationList = 02273D0C1BCDEE3800C9008A /* Build configuration list for PBXNativeTarget "ImageBrowserUITests" */;
			buildPhases = (
				02273CF91BCDEE3800C9008A /* Sources */,
				02273CFA1BCDEE3800C9008A /* Frameworks */,
				02273CFB1BCDEE3800C9008A /* Resources */,
			);
			buildRules = (
			);
			dependencies = (
				02273CFF1BCDEE3800C9008A /* PBXTargetDependency */,
			);
			name = ImageBrowserUITests;
			productName = ImageBrowserUITests;
			productReference = 02273CFD1BCDEE3800C9008A /* ImageBrowserUITests.xctest */;
			productType = "com.apple.product-type.bundle.ui-testing";
		};
/* End PBXNativeTarget section */

/* Begin PBXProject section */
		02273CD61BCDEE3800C9008A /* Project object */ = {
			isa = PBXProject;
			attributes = {
				LastUpgradeCheck = 0700;
				ORGANIZATIONNAME = "范鸿麟";
				TargetAttributes = {
					02273CDD1BCDEE3800C9008A = {
						CreatedOnToolsVersion = 7.0.1;
					};
					02273CF11BCDEE3800C9008A = {
						CreatedOnToolsVersion = 7.0.1;
						TestTargetID = 02273CDD1BCDEE3800C9008A;
					};
					02273CFC1BCDEE3800C9008A = {
						CreatedOnToolsVersion = 7.0.1;
						TestTargetID = 02273CDD1BCDEE3800C9008A;
					};
				};
			};
			buildConfigurationList = 02273CD91BCDEE3800C9008A /* Build configuration list for PBXProject "ImageBrowser" */;
			compatibilityVersion = "Xcode 3.2";
			developmentRegion = English;
			hasScannedForEncodings = 0;
			knownRegions = (
				en,
				Base,
			);
			mainGroup = 02273CD51BCDEE3800C9008A;
			productRefGroup = 02273CDF1BCDEE3800C9008A /* Products */;
			projectDirPath = "";
			projectRoot = "";
			targets = (
				02273CDD1BCDEE3800C9008A /* ImageBrowser */,
				02273CF11BCDEE3800C9008A /* ImageBrowserTests */,
				02273CFC1BCDEE3800C9008A /* ImageBrowserUITests */,
			);
		};
/* End PBXProject section */

/* Begin PBXResourcesBuildPhase section */
		02273CDC1BCDEE3800C9008A /* Resources */ = {
			isa = PBXResourcesBuildPhase;
			buildActionMask = 2147483647;
			files = (
				02273CEC1BCDEE3800C9008A /* LaunchScreen.storyboard in Resources */,
				02273CE91BCDEE3800C9008A /* Assets.xcassets in Resources */,
				02273CE71BCDEE3800C9008A /* Main.storyboard in Resources */,
			);
			runOnlyForDeploymentPostprocessing = 0;
		};
		02273CF01BCDEE3800C9008A /* Resources */ = {
			isa = PBXResourcesBuildPhase;
			buildActionMask = 2147483647;
			files = (
			);
			runOnlyForDeploymentPostprocessing = 0;
		};
		02273CFB1BCDEE3800C9008A /* Resources */ = {
			isa = PBXResourcesBuildPhase;
			buildActionMask = 2147483647;
			files = (
			);
			runOnlyForDeploymentPostprocessing = 0;
		};
/* End PBXResourcesBuildPhase section */

/* Begin PBXSourcesBuildPhase section */
		02273CDA1BCDEE3800C9008A /* Sources */ = {
			isa = PBXSourcesBuildPhase;
			buildActionMask = 2147483647;
			files = (
				02273CE41BCDEE3800C9008A /* ViewController.swift in Sources */,
				02273CE21BCDEE3800C9008A /* AppDelegate.swift in Sources */,
			);
			runOnlyForDeploymentPostprocessing = 0;
		};
		02273CEE1BCDEE3800C9008A /* Sources */ = {
			isa = PBXSourcesBuildPhase;
			buildActionMask = 2147483647;
			files = (
				02273CF71BCDEE3800C9008A /* ImageBrowserTests.swift in Sources */,
			);
			runOnlyForDeploymentPostprocessing = 0;
		};
		02273CF91BCDEE3800C9008A /* Sources */ = {
			isa = PBXSourcesBuildPhase;
			buildActionMask = 2147483647;
			files = (
				02273D021BCDEE3800C9008A /* ImageBrowserUITests.swift in Sources */,
			);
			runOnlyForDeploymentPostprocessing = 0;
		};
/* End PBXSourcesBuildPhase section */

/* Begin PBXTargetDependency section */
		02273CF41BCDEE3800C9008A /* PBXTargetDependency */ = {
			isa = PBXTargetDependency;
			target = 02273CDD1BCDEE3800C9008A /* ImageBrowser */;
			targetProxy = 02273CF31BCDEE3800C9008A /* PBXContainerItemProxy */;
		};
		02273CFF1BCDEE3800C9008A /* PBXTargetDependency */ = {
			isa = PBXTargetDependency;
			target = 02273CDD1BCDEE3800C9008A /* ImageBrowser */;
			targetProxy = 02273CFE1BCDEE3800C9008A /* PBXContainerItemProxy */;
		};
/* End PBXTargetDependency section */

/* Begin PBXVariantGroup section */
		02273CE51BCDEE3800C9008A /* Main.storyboard */ = {
			isa = PBXVariantGroup;
			children = (
				02273CE61BCDEE3800C9008A /* Base */,
			);
			name = Main.storyboard;
			sourceTree = "<group>";
		};
		02273CEA1BCDEE3800C9008A /* LaunchScreen.storyboard */ = {
			isa = PBXVariantGroup;
			children = (
				02273CEB1BCDEE3800C9008A /* Base */,
			);
			name = LaunchScreen.storyboard;
			sourceTree = "<group>";
		};
/* End PBXVariantGroup section */

/* Begin XCBuildConfiguration section */
		02273D041BCDEE3800C9008A /* Debug */ = {
			isa = XCBuildConfiguration;
			buildSettings = {
				ALWAYS_SEARCH_USER_PATHS = NO;
				CLANG_CXX_LANGUAGE_STANDARD = "gnu++0x";
				CLANG_CXX_LIBRARY = "libc++";
				CLANG_ENABLE_MODULES = YES;
				CLANG_ENABLE_OBJC_ARC = YES;
				CLANG_WARN_BOOL_CONVERSION = YES;
				CLANG_WARN_CONSTANT_CONVERSION = YES;
				CLANG_WARN_DIRECT_OBJC_ISA_USAGE = YES_ERROR;
				CLANG_WARN_EMPTY_BODY = YES;
				CLANG_WARN_ENUM_CONVERSION = YES;
				CLANG_WARN_INT_CONVERSION = YES;
				CLANG_WARN_OBJC_ROOT_CLASS = YES_ERROR;
				CLANG_WARN_UNREACHABLE_CODE = YES;
				CLANG_WARN__DUPLICATE_METHOD_MATCH = YES;
				"CODE_SIGN_IDENTITY[sdk=iphoneos*]" = "iPhone Developer";
				COPY_PHASE_STRIP = NO;
				DEBUG_INFORMATION_FORMAT = dwarf;
				ENABLE_STRICT_OBJC_MSGSEND = YES;
				ENABLE_TESTABILITY = YES;
				GCC_C_LANGUAGE_STANDARD = gnu99;
				GCC_DYNAMIC_NO_PIC = NO;
				GCC_NO_COMMON_BLOCKS = YES;
				GCC_OPTIMIZATION_LEVEL = 0;
				GCC_PREPROCESSOR_DEFINITIONS = (
					"DEBUG=1",
					"$(inherited)",
				);
				GCC_WARN_64_TO_32_BIT_CONVERSION = YES;
				GCC_WARN_ABOUT_RETURN_TYPE = YES_ERROR;
				GCC_WARN_UNDECLARED_SELECTOR = YES;
				GCC_WARN_UNINITIALIZED_AUTOS = YES_AGGRESSIVE;
				GCC_WARN_UNUSED_FUNCTION = YES;
				GCC_WARN_UNUSED_VARIABLE = YES;
				IPHONEOS_DEPLOYMENT_TARGET = 9.0;
				MTL_ENABLE_DEBUG_INFO = YES;
				ONLY_ACTIVE_ARCH = YES;
				SDKROOT = iphoneos;
				SWIFT_OPTIMIZATION_LEVEL = "-Onone";
			};
			name = Debug;
		};
		02273D051BCDEE3800C9008A /* Release */ = {
			isa = XCBuildConfiguration;
			buildSettings = {
				ALWAYS_SEARCH_USER_PATHS = NO;
				CLANG_CXX_LANGUAGE_STANDARD = "gnu++0x";
				CLANG_CXX_LIBRARY = "libc++";
				CLANG_ENABLE_MODULES = YES;
				CLANG_ENABLE_OBJC_ARC = YES;
				CLANG_WARN_BOOL_CONVERSION = YES;
				CLANG_WARN_CONSTANT_CONVERSION = YES;
				CLANG_WARN_DIRECT_OBJC_ISA_USAGE = YES_ERROR;
				CLANG_WARN_EMPTY_BODY = YES;
				CLANG_WARN_ENUM_CONVERSION = YES;
				CLANG_WARN_INT_CONVERSION = YES;
				CLANG_WARN_OBJC_ROOT_CLASS = YES_ERROR;
				CLANG_WARN_UNREACHABLE_CODE = YES;
				CLANG_WARN__DUPLICATE_METHOD_MATCH = YES;
				"CODE_SIGN_IDENTITY[sdk=iphoneos*]" = "iPhone Developer";
				COPY_PHASE_STRIP = NO;
				DEBUG_INFORMATION_FORMAT = "dwarf-with-dsym";
				ENABLE_NS_ASSERTIONS = NO;
				ENABLE_STRICT_OBJC_MSGSEND = YES;
				GCC_C_LANGUAGE_STANDARD = gnu99;
				GCC_NO_COMMON_BLOCKS = YES;
				GCC_WARN_64_TO_32_BIT_CONVERSION = YES;
				GCC_WARN_ABOUT_RETURN_TYPE = YES_ERROR;
				GCC_WARN_UNDECLARED_SELECTOR = YES;
				GCC_WARN_UNINITIALIZED_AUTOS = YES_AGGRESSIVE;
				GCC_WARN_UNUSED_FUNCTION = YES;
				GCC_WARN_UNUSED_VARIABLE = YES;
				IPHONEOS_DEPLOYMENT_TARGET = 9.0;
				MTL_ENABLE_DEBUG_INFO = NO;
				SDKROOT = iphoneos;
				VALIDATE_PRODUCT = YES;
			};
			name = Release;
		};
		02273D071BCDEE3800C9008A /* Debug */ = {
			isa = XCBuildConfiguration;
			buildSettings = {
				ASSETCATALOG_COMPILER_APPICON_NAME = AppIcon;
				INFOPLIST_FILE = ImageBrowser/Info.plist;
				IPHONEOS_DEPLOYMENT_TARGET = 7.0;
				LD_RUNPATH_SEARCH_PATHS = "$(inherited) @executable_path/Frameworks";
				PRODUCT_BUNDLE_IDENTIFIER = com.fanhl.ImageBrowser;
				PRODUCT_NAME = "$(TARGET_NAME)";
			};
			name = Debug;
		};
		02273D081BCDEE3800C9008A /* Release */ = {
			isa = XCBuildConfiguration;
			buildSettings = {
				ASSETCATALOG_COMPILER_APPICON_NAME = AppIcon;
				INFOPLIST_FILE = ImageBrowser/Info.plist;
				IPHONEOS_DEPLOYMENT_TARGET = 7.0;
				LD_RUNPATH_SEARCH_PATHS = "$(inherited) @executable_path/Frameworks";
				PRODUCT_BUNDLE_IDENTIFIER = com.fanhl.ImageBrowser;
				PRODUCT_NAME = "$(TARGET_NAME)";
			};
			name = Release;
		};
		02273D0A1BCDEE3800C9008A /* Debug */ = {
			isa = XCBuildConfiguration;
			buildSettings = {
				BUNDLE_LOADER = "$(TEST_HOST)";
				INFOPLIST_FILE = ImageBrowserTests/Info.plist;
				LD_RUNPATH_SEARCH_PATHS = "$(inherited) @executable_path/Frameworks @loader_path/Frameworks";
				PRODUCT_BUNDLE_IDENTIFIER = com.fanhl.ImageBrowserTests;
				PRODUCT_NAME = "$(TARGET_NAME)";
				TEST_HOST = "$(BUILT_PRODUCTS_DIR)/ImageBrowser.app/ImageBrowser";
			};
			name = Debug;
		};
		02273D0B1BCDEE3800C9008A /* Release */ = {
			isa = XCBuildConfiguration;
			buildSettings = {
				BUNDLE_LOADER = "$(TEST_HOST)";
				INFOPLIST_FILE = ImageBrowserTests/Info.plist;
				LD_RUNPATH_SEARCH_PATHS = "$(inherited) @executable_path/Frameworks @loader_path/Frameworks";
				PRODUCT_BUNDLE_IDENTIFIER = com.fanhl.ImageBrowserTests;
				PRODUCT_NAME = "$(TARGET_NAME)";
				TEST_HOST = "$(BUILT_PRODUCTS_DIR)/ImageBrowser.app/ImageBrowser";
			};
			name = Release;
		};
		02273D0D1BCDEE3800C9008A /* Debug */ = {
			isa = XCBuildConfiguration;
			buildSettings = {
				INFOPLIST_FILE = ImageBrowserUITests/Info.plist;
				LD_RUNPATH_SEARCH_PATHS = "$(inherited) @executable_path/Frameworks @loader_path/Frameworks";
				PRODUCT_BUNDLE_IDENTIFIER = com.fanhl.ImageBrowserUITests;
				PRODUCT_NAME = "$(TARGET_NAME)";
				TEST_TARGET_NAME = ImageBrowser;
				USES_XCTRUNNER = YES;
			};
			name = Debug;
		};
		02273D0E1BCDEE3800C9008A /* Release */ = {
			isa = XCBuildConfiguration;
			buildSettings = {
				INFOPLIST_FILE = ImageBrowserUITests/Info.plist;
				LD_RUNPATH_SEARCH_PATHS = "$(inherited) @executable_path/Frameworks @loader_path/Frameworks";
				PRODUCT_BUNDLE_IDENTIFIER = com.fanhl.ImageBrowserUITests;
				PRODUCT_NAME = "$(TARGET_NAME)";
				TEST_TARGET_NAME = ImageBrowser;
				USES_XCTRUNNER = YES;
			};
			name = Release;
		};
/* End XCBuildConfiguration section */

/* Begin XCConfigurationList section */
		02273CD91BCDEE3800C9008A /* Build configuration list for PBXProject "ImageBrowser" */ = {
			isa = XCConfigurationList;
			buildConfigurations = (
				02273D041BCDEE3800C9008A /* Debug */,
				02273D051BCDEE3800C9008A /* Release */,
			);
			defaultConfigurationIsVisible = 0;
			defaultConfigurationName = Release;
		};
		02273D061BCDEE3800C9008A /* Build configuration list for PBXNativeTarget "ImageBrowser" */ = {
			isa = XCConfigurationList;
			buildConfigurations = (
				02273D071BCDEE3800C9008A /* Debug */,
				02273D081BCDEE3800C9008A /* Release */,
			);
			defaultConfigurationIsVisible = 0;
			defaultConfigurationName = Release;
		};
		02273D091BCDEE3800C9008A /* Build configuration list for PBXNativeTarget "ImageBrowserTests" */ = {
			isa = XCConfigurationList;
			buildConfigurations = (
				02273D0A1BCDEE3800C9008A /* Debug */,
				02273D0B1BCDEE3800C9008A /* Release */,
			);
			defaultConfigurationIsVisible = 0;
			defaultConfigurationName = Release;
		};
		02273D0C1BCDEE3800C9008A /* Build configuration list for PBXNativeTarget "ImageBrowserUITests" */ = {
			isa = XCConfigurationList;
			buildConfigurations = (
				02273D0D1BCDEE3800C9008A /* Debug */,
				02273D0E1BCDEE3800C9008A /* Release */,
			);
			defaultConfigurationIsVisible = 0;
			defaultConfigurationName = Release;
		};
/* End XCConfigurationList section */
	};
	rootObject = 02273CD61BCDEE3800C9008A /* Project object */;
}
